// !$*UTF8*$!
{
	archiveVersion = 1;
	classes = {
	};
	objectVersion = 56;
	objects = {

/* Begin PBXBuildFile section */
		1DD57BDB297040130093FC7F /* ButtonStyleApp.swift in Sources */ = {isa = PBXBuildFile; fileRef = 1DD57BDA297040130093FC7F /* ButtonStyleApp.swift */; };
		1DD57BDD297040130093FC7F /* ContentView.swift in Sources */ = {isa = PBXBuildFile; fileRef = 1DD57BDC297040130093FC7F /* ContentView.swift */; };
		1DD57BDF297040170093FC7F /* Assets.xcassets in Resources */ = {isa = PBXBuildFile; fileRef = 1DD57BDE297040170093FC7F /* Assets.xcassets */; };
		1DD57BE2297040170093FC7F /* Preview Assets.xcassets in Resources */ = {isa = PBXBuildFile; fileRef = 1DD57BE1297040170093FC7F /* Preview Assets.xcassets */; };
		1DD57BEC297040170093FC7F /* ButtonStyleTests.swift in Sources */ = {isa = PBXBuildFile; fileRef = 1DD57BEB297040170093FC7F /* ButtonStyleTests.swift */; };
		1DD57BF6297040170093FC7F /* ButtonStyleUITests.swift in Sources */ = {isa = PBXBuildFile; fileRef = 1DD57BF5297040170093FC7F /* ButtonStyleUITests.swift */; };
		1DD57BF8297040170093FC7F /* ButtonStyleUITestsLaunchTests.swift in Sources */ = {isa = PBXBuildFile; fileRef = 1DD57BF7297040170093FC7F /* ButtonStyleUITestsLaunchTests.swift */; };
/* End PBXBuildFile section */

/* Begin PBXContainerItemProxy section */
		1DD57BE8297040170093FC7F /* PBXContainerItemProxy */ = {
			isa = PBXContainerItemProxy;
			containerPortal = 1DD57BCF297040130093FC7F /* Project object */;
			proxyType = 1;
			remoteGlobalIDString = 1DD57BD6297040130093FC7F;
			remoteInfo = ButtonStyle;
		};
		1DD57BF2297040170093FC7F /* PBXContainerItemProxy */ = {
			isa = PBXContainerItemProxy;
			containerPortal = 1DD57BCF297040130093FC7F /* Project object */;
			proxyType = 1;
			remoteGlobalIDString = 1DD57BD6297040130093FC7F;
			remoteInfo = ButtonStyle;
		};
/* End PBXContainerItemProxy section */

/* Begin PBXFileReference section */
		1DD57BD7297040130093FC7F /* ButtonStyle.app */ = {isa = PBXFileReference; explicitFileType = wrapper.application; includeInIndex = 0; path = ButtonStyle.app; sourceTree = BUILT_PRODUCTS_DIR; };
		1DD57BDA297040130093FC7F /* ButtonStyleApp.swift */ = {isa = PBXFileReference; lastKnownFileType = sourcecode.swift; path = ButtonStyleApp.swift; sourceTree = "<group>"; };
		1DD57BDC297040130093FC7F /* ContentView.swift */ = {isa = PBXFileReference; lastKnownFileType = sourcecode.swift; path = ContentView.swift; sourceTree = "<group>"; };
		1DD57BDE297040170093FC7F /* Assets.xcassets */ = {isa = PBXFileReference; lastKnownFileType = folder.assetcatalog; path = Assets.xcassets; sourceTree = "<group>"; };
		1DD57BE1297040170093FC7F /* Preview Assets.xcassets */ = {isa = PBXFileReference; lastKnownFileType = folder.assetcatalog; path = "Preview Assets.xcassets"; sourceTree = "<group>"; };
		1DD57BE7297040170093FC7F /* ButtonStyleTests.xctest */ = {isa = PBXFileReference; explicitFileType = wrapper.cfbundle; includeInIndex = 0; path = ButtonStyleTests.xctest; sourceTree = BUILT_PRODUCTS_DIR; };
		1DD57BEB297040170093FC7F /* ButtonStyleTests.swift */ = {isa = PBXFileReference; lastKnownFileType = sourcecode.swift; path = ButtonStyleTests.swift; sourceTree = "<group>"; };
		1DD57BF1297040170093FC7F /* ButtonStyleUITests.xctest */ = {isa = PBXFileReference; explicitFileType = wrapper.cfbundle; includeInIndex = 0; path = ButtonStyleUITests.xctest; sourceTree = BUILT_PRODUCTS_DIR; };
		1DD57BF5297040170093FC7F /* ButtonStyleUITests.swift */ = {isa = PBXFileReference; lastKnownFileType = sourcecode.swift; path = ButtonStyleUITests.swift; sourceTree = "<group>"; };
		1DD57BF7297040170093FC7F /* ButtonStyleUITestsLaunchTests.swift */ = {isa = PBXFileReference; lastKnownFileType = sourcecode.swift; path = ButtonStyleUITestsLaunchTests.swift; sourceTree = "<group>"; };
/* End PBXFileReference section */

/* Begin PBXFrameworksBuildPhase section */
		1DD57BD4297040130093FC7F /* Frameworks */ = {
			isa = PBXFrameworksBuildPhase;
			buildActionMask = 2147483647;
			files = (
			);
			runOnlyForDeploymentPostprocessing = 0;
		};
		1DD57BE4297040170093FC7F /* Frameworks */ = {
			isa = PBXFrameworksBuildPhase;
			buildActionMask = 2147483647;
			files = (
			);
			runOnlyForDeploymentPostprocessing = 0;
		};
		1DD57BEE297040170093FC7F /* Frameworks */ = {
			isa = PBXFrameworksBuildPhase;
			buildActionMask = 2147483647;
			files = (
			);
			runOnlyForDeploymentPostprocessing = 0;
		};
/* End PBXFrameworksBuildPhase section */

/* Begin PBXGroup section */
		1DD57BCE297040130093FC7F = {
			isa = PBXGroup;
			children = (
				1DD57BD9297040130093FC7F /* ButtonStyle */,
				1DD57BEA297040170093FC7F /* ButtonStyleTests */,
				1DD57BF4297040170093FC7F /* ButtonStyleUITests */,
				1DD57BD8297040130093FC7F /* Products */,
			);
			sourceTree = "<group>";
		};
		1DD57BD8297040130093FC7F /* Products */ = {
			isa = PBXGroup;
			children = (
				1DD57BD7297040130093FC7F /* ButtonStyle.app */,
				1DD57BE7297040170093FC7F /* ButtonStyleTests.xctest */,
				1DD57BF1297040170093FC7F /* ButtonStyleUITests.xctest */,
			);
			name = Products;
			sourceTree = "<group>";
		};
		1DD57BD9297040130093FC7F /* ButtonStyle */ = {
			isa = PBXGroup;
			children = (
				1DD57BDA297040130093FC7F /* ButtonStyleApp.swift */,
				1DD57BDC297040130093FC7F /* ContentView.swift */,
				1DD57BDE297040170093FC7F /* Assets.xcassets */,
				1DD57BE0297040170093FC7F /* Preview Content */,
			);
			path = ButtonStyle;
			sourceTree = "<group>";
		};
		1DD57BE0297040170093FC7F /* Preview Content */ = {
			isa = PBXGroup;
			children = (
				1DD57BE1297040170093FC7F /* Preview Assets.xcassets */,
			);
			path = "Preview Content";
			sourceTree = "<group>";
		};
		1DD57BEA297040170093FC7F /* ButtonStyleTests */ = {
			isa = PBXGroup;
			children = (
				1DD57BEB297040170093FC7F /* ButtonStyleTests.swift */,
			);
			path = ButtonStyleTests;
			sourceTree = "<group>";
		};
		1DD57BF4297040170093FC7F /* ButtonStyleUITests */ = {
			isa = PBXGroup;
			children = (
				1DD57BF5297040170093FC7F /* ButtonStyleUITests.swift */,
				1DD57BF7297040170093FC7F /* ButtonStyleUITestsLaunchTests.swift */,
			);
			path = ButtonStyleUITests;
			sourceTree = "<group>";
		};
/* End PBXGroup section */

/* Begin PBXNativeTarget section */
		1DD57BD6297040130093FC7F /* ButtonStyle */ = {
			isa = PBXNativeTarget;
			buildConfigurationList = 1DD57BFB297040170093FC7F /* Build configuration list for PBXNativeTarget "ButtonStyle" */;
			buildPhases = (
				1DD57BD3297040130093FC7F /* Sources */,
				1DD57BD4297040130093FC7F /* Frameworks */,
				1DD57BD5297040130093FC7F /* Resources */,
			);
			buildRules = (
			);
			dependencies = (
			);
			name = ButtonStyle;
			productName = ButtonStyle;
			productReference = 1DD57BD7297040130093FC7F /* ButtonStyle.app */;
			productType = "com.apple.product-type.application";
		};
		1DD57BE6297040170093FC7F /* ButtonStyleTests */ = {
			isa = PBXNativeTarget;
			buildConfigurationList = 1DD57BFE297040170093FC7F /* Build configuration list for PBXNativeTarget "ButtonStyleTests" */;
			buildPhases = (
				1DD57BE3297040170093FC7F /* Sources */,
				1DD57BE4297040170093FC7F /* Frameworks */,
				1DD57BE5297040170093FC7F /* Resources */,
			);
			buildRules = (
			);
			dependencies = (
				1DD57BE9297040170093FC7F /* PBXTargetDependency */,
			);
			name = ButtonStyleTests;
			productName = ButtonStyleTests;
			productReference = 1DD57BE7297040170093FC7F /* ButtonStyleTests.xctest */;
			productType = "com.apple.product-type.bundle.unit-test";
		};
		1DD57BF0297040170093FC7F /* ButtonStyleUITests */ = {
			isa = PBXNativeTarget;
			buildConfigurationList = 1DD57C01297040170093FC7F /* Build configuration list for PBXNativeTarget "ButtonStyleUITests" */;
			buildPhases = (
				1DD57BED297040170093FC7F /* Sources */,
				1DD57BEE297040170093FC7F /* Frameworks */,
				1DD57BEF297040170093FC7F /* Resources */,
			);
			buildRules = (
			);
			dependencies = (
				1DD57BF3297040170093FC7F /* PBXTargetDependency */,
			);
			name = ButtonStyleUITests;
			productName = ButtonStyleUITests;
			productReference = 1DD57BF1297040170093FC7F /* ButtonStyleUITests.xctest */;
			productType = "com.apple.product-type.bundle.ui-testing";
		};
/* End PBXNativeTarget section */

/* Begin PBXProject section */
		1DD57BCF297040130093FC7F /* Project object */ = {
			isa = PBXProject;
			attributes = {
				BuildIndependentTargetsInParallel = 1;
				LastSwiftUpdateCheck = 1420;
				LastUpgradeCheck = 1420;
				TargetAttributes = {
					1DD57BD6297040130093FC7F = {
						CreatedOnToolsVersion = 14.2;
					};
					1DD57BE6297040170093FC7F = {
						CreatedOnToolsVersion = 14.2;
						TestTargetID = 1DD57BD6297040130093FC7F;
					};
					1DD57BF0297040170093FC7F = {
						CreatedOnToolsVersion = 14.2;
						TestTargetID = 1DD57BD6297040130093FC7F;
					};
				};
			};
			buildConfigurationList = 1DD57BD2297040130093FC7F /* Build configuration list for PBXProject "ButtonStyle" */;
			compatibilityVersion = "Xcode 14.0";
			developmentRegion = en;
			hasScannedForEncodings = 0;
			knownRegions = (
				en,
				Base,
			);
			mainGroup = 1DD57BCE297040130093FC7F;
			productRefGroup = 1DD57BD8297040130093FC7F /* Products */;
			projectDirPath = "";
			projectRoot = "";
			targets = (
				1DD57BD6297040130093FC7F /* ButtonStyle */,
				1DD57BE6297040170093FC7F /* ButtonStyleTests */,
				1DD57BF0297040170093FC7F /* ButtonStyleUITests */,
			);
		};
/* End PBXProject section */

/* Begin PBXResourcesBuildPhase section */
		1DD57BD5297040130093FC7F /* Resources */ = {
			isa = PBXResourcesBuildPhase;
			buildActionMask = 2147483647;
			files = (
				1DD57BE2297040170093FC7F /* Preview Assets.xcassets in Resources */,
				1DD57BDF297040170093FC7F /* Assets.xcassets in Resources */,
			);
			runOnlyForDeploymentPostprocessing = 0;
		};
		1DD57BE5297040170093FC7F /* Resources */ = {
			isa = PBXResourcesBuildPhase;
			buildActionMask = 2147483647;
			files = (
			);
			runOnlyForDeploymentPostprocessing = 0;
		};
		1DD57BEF297040170093FC7F /* Resources */ = {
			isa = PBXResourcesBuildPhase;
			buildActionMask = 2147483647;
			files = (
			);
			runOnlyForDeploymentPostprocessing = 0;
		};
/* End PBXResourcesBuildPhase section */

/* Begin PBXSourcesBuildPhase section */
		1DD57BD3297040130093FC7F /* Sources */ = {
			isa = PBXSourcesBuildPhase;
			buildActionMask = 2147483647;
			files = (
				1DD57BDD297040130093FC7F /* ContentView.swift in Sources */,
				1DD57BDB297040130093FC7F /* ButtonStyleApp.swift in Sources */,
			);
			runOnlyForDeploymentPostprocessing = 0;
		};
		1DD57BE3297040170093FC7F /* Sources */ = {
			isa = PBXSourcesBuildPhase;
			buildActionMask = 2147483647;
			files = (
				1DD57BEC297040170093FC7F /* ButtonStyleTests.swift in Sources */,
			);
			runOnlyForDeploymentPostprocessing = 0;
		};
		1DD57BED297040170093FC7F /* Sources */ = {
			isa = PBXSourcesBuildPhase;
			buildActionMask = 2147483647;
			files = (
				1DD57BF8297040170093FC7F /* ButtonStyleUITestsLaunchTests.swift in Sources */,
				1DD57BF6297040170093FC7F /* ButtonStyleUITests.swift in Sources */,
			);
			runOnlyForDeploymentPostprocessing = 0;
		};
/* End PBXSourcesBuildPhase section */

/* Begin PBXTargetDependency section */
		1DD57BE9297040170093FC7F /* PBXTargetDependency */ = {
			isa = PBXTargetDependency;
			target = 1DD57BD6297040130093FC7F /* ButtonStyle */;
			targetProxy = 1DD57BE8297040170093FC7F /* PBXContainerItemProxy */;
		};
		1DD57BF3297040170093FC7F /* PBXTargetDependency */ = {
			isa = PBXTargetDependency;
			target = 1DD57BD6297040130093FC7F /* ButtonStyle */;
			targetProxy = 1DD57BF2297040170093FC7F /* PBXContainerItemProxy */;
		};
/* End PBXTargetDependency section */

/* Begin XCBuildConfiguration section */
		1DD57BF9297040170093FC7F /* Debug */ = {
			isa = XCBuildConfiguration;
			buildSettings = {
				ALWAYS_SEARCH_USER_PATHS = NO;
				CLANG_ANALYZER_NONNULL = YES;
				CLANG_ANALYZER_NUMBER_OBJECT_CONVERSION = YES_AGGRESSIVE;
				CLANG_CXX_LANGUAGE_STANDARD = "gnu++20";
				CLANG_ENABLE_MODULES = YES;
				CLANG_ENABLE_OBJC_ARC = YES;
				CLANG_ENABLE_OBJC_WEAK = YES;
				CLANG_WARN_BLOCK_CAPTURE_AUTORELEASING = YES;
				CLANG_WARN_BOOL_CONVERSION = YES;
				CLANG_WARN_COMMA = YES;
				CLANG_WARN_CONSTANT_CONVERSION = YES;
				CLANG_WARN_DEPRECATED_OBJC_IMPLEMENTATIONS = YES;
				CLANG_WARN_DIRECT_OBJC_ISA_USAGE = YES_ERROR;
				CLANG_WARN_DOCUMENTATION_COMMENTS = YES;
				CLANG_WARN_EMPTY_BODY = YES;
				CLANG_WARN_ENUM_CONVERSION = YES;
				CLANG_WARN_INFINITE_RECURSION = YES;
				CLANG_WARN_INT_CONVERSION = YES;
				CLANG_WARN_NON_LITERAL_NULL_CONVERSION = YES;
				CLANG_WARN_OBJC_IMPLICIT_RETAIN_SELF = YES;
				CLANG_WARN_OBJC_LITERAL_CONVERSION = YES;
				CLANG_WARN_OBJC_ROOT_CLASS = YES_ERROR;
				CLANG_WARN_QUOTED_INCLUDE_IN_FRAMEWORK_HEADER = YES;
				CLANG_WARN_RANGE_LOOP_ANALYSIS = YES;
				CLANG_WARN_STRICT_PROTOTYPES = YES;
				CLANG_WARN_SUSPICIOUS_MOVE = YES;
				CLANG_WARN_UNGUARDED_AVAILABILITY = YES_AGGRESSIVE;
				CLANG_WARN_UNREACHABLE_CODE = YES;
				CLANG_WARN__DUPLICATE_METHOD_MATCH = YES;
				COPY_PHASE_STRIP = NO;
				DEBUG_INFORMATION_FORMAT = dwarf;
				ENABLE_STRICT_OBJC_MSGSEND = YES;
				ENABLE_TESTABILITY = YES;
				GCC_C_LANGUAGE_STANDARD = gnu11;
				GCC_DYNAMIC_NO_PIC = NO;
				GCC_NO_COMMON_BLOCKS = YES;
				GCC_OPTIMIZATION_LEVEL = 0;
				GCC_PREPROCESSOR_DEFINITIONS = (
					"DEBUG=1",
					"$(inherited)",
				);
				GCC_WARN_64_TO_32_BIT_CONVERSION = YES;
				GCC_WARN_ABOUT_RETURN_TYPE = YES_ERROR;
				GCC_WARN_UNDECLARED_SELECTOR = YES;
				GCC_WARN_UNINITIALIZED_AUTOS = YES_AGGRESSIVE;
				GCC_WARN_UNUSED_FUNCTION = YES;
				GCC_WARN_UNUSED_VARIABLE = YES;
				IPHONEOS_DEPLOYMENT_TARGET = 16.2;
				MTL_ENABLE_DEBUG_INFO = INCLUDE_SOURCE;
				MTL_FAST_MATH = YES;
				ONLY_ACTIVE_ARCH = YES;
				SDKROOT = iphoneos;
				SWIFT_ACTIVE_COMPILATION_CONDITIONS = DEBUG;
				SWIFT_OPTIMIZATION_LEVEL = "-Onone";
			};
			name = Debug;
		};
		1DD57BFA297040170093FC7F /* Release */ = {
			isa = XCBuildConfiguration;
			buildSettings = {
				ALWAYS_SEARCH_USER_PATHS = NO;
				CLANG_ANALYZER_NONNULL = YES;
				CLANG_ANALYZER_NUMBER_OBJECT_CONVERSION = YES_AGGRESSIVE;
				CLANG_CXX_LANGUAGE_STANDARD = "gnu++20";
				CLANG_ENABLE_MODULES = YES;
				CLANG_ENABLE_OBJC_ARC = YES;
				CLANG_ENABLE_OBJC_WEAK = YES;
				CLANG_WARN_BLOCK_CAPTURE_AUTORELEASING = YES;
				CLANG_WARN_BOOL_CONVERSION = YES;
				CLANG_WARN_COMMA = YES;
				CLANG_WARN_CONSTANT_CONVERSION = YES;
				CLANG_WARN_DEPRECATED_OBJC_IMPLEMENTATIONS = YES;
				CLANG_WARN_DIRECT_OBJC_ISA_USAGE = YES_ERROR;
				CLANG_WARN_DOCUMENTATION_COMMENTS = YES;
				CLANG_WARN_EMPTY_BODY = YES;
				CLANG_WARN_ENUM_CONVERSION = YES;
				CLANG_WARN_INFINITE_RECURSION = YES;
				CLANG_WARN_INT_CONVERSION = YES;
				CLANG_WARN_NON_LITERAL_NULL_CONVERSION = YES;
				CLANG_WARN_OBJC_IMPLICIT_RETAIN_SELF = YES;
				CLANG_WARN_OBJC_LITERAL_CONVERSION = YES;
				CLANG_WARN_OBJC_ROOT_CLASS = YES_ERROR;
				CLANG_WARN_QUOTED_INCLUDE_IN_FRAMEWORK_HEADER = YES;
				CLANG_WARN_RANGE_LOOP_ANALYSIS = YES;
				CLANG_WARN_STRICT_PROTOTYPES = YES;
				CLANG_WARN_SUSPICIOUS_MOVE = YES;
				CLANG_WARN_UNGUARDED_AVAILABILITY = YES_AGGRESSIVE;
				CLANG_WARN_UNREACHABLE_CODE = YES;
				CLANG_WARN__DUPLICATE_METHOD_MATCH = YES;
				COPY_PHASE_STRIP = NO;
				DEBUG_INFORMATION_FORMAT = "dwarf-with-dsym";
				ENABLE_NS_ASSERTIONS = NO;
				ENABLE_STRICT_OBJC_MSGSEND = YES;
				GCC_C_LANGUAGE_STANDARD = gnu11;
				GCC_NO_COMMON_BLOCKS = YES;
				GCC_WARN_64_TO_32_BIT_CONVERSION = YES;
				GCC_WARN_ABOUT_RETURN_TYPE = YES_ERROR;
				GCC_WARN_UNDECLARED_SELECTOR = YES;
				GCC_WARN_UNINITIALIZED_AUTOS = YES_AGGRESSIVE;
				GCC_WARN_UNUSED_FUNCTION = YES;
				GCC_WARN_UNUSED_VARIABLE = YES;
				IPHONEOS_DEPLOYMENT_TARGET = 16.2;
				MTL_ENABLE_DEBUG_INFO = NO;
				MTL_FAST_MATH = YES;
				SDKROOT = iphoneos;
				SWIFT_COMPILATION_MODE = wholemodule;
				SWIFT_OPTIMIZATION_LEVEL = "-O";
				VALIDATE_PRODUCT = YES;
			};
			name = Release;
		};
		1DD57BFC297040170093FC7F /* Debug */ = {
			isa = XCBuildConfiguration;
			buildSettings = {
				ASSETCATALOG_COMPILER_APPICON_NAME = AppIcon;
				ASSETCATALOG_COMPILER_GLOBAL_ACCENT_COLOR_NAME = AccentColor;
				CODE_SIGN_STYLE = Automatic;
				CURRENT_PROJECT_VERSION = 1;
				DEVELOPMENT_ASSET_PATHS = "\"ButtonStyle/Preview Content\"";
				ENABLE_PREVIEWS = YES;
				GENERATE_INFOPLIST_FILE = YES;
				INFOPLIST_KEY_UIApplicationSceneManifest_Generation = YES;
				INFOPLIST_KEY_UIApplicationSupportsIndirectInputEvents = YES;
				INFOPLIST_KEY_UILaunchScreen_Generation = YES;
				INFOPLIST_KEY_UISupportedInterfaceOrientations_iPad = "UIInterfaceOrientationPortrait UIInterfaceOrientationPortraitUpsideDown UIInterfaceOrientationLandscapeLeft UIInterfaceOrientationLandscapeRight";
				INFOPLIST_KEY_UISupportedInterfaceOrientations_iPhone = "UIInterfaceOrientationPortrait UIInterfaceOrientationLandscapeLeft UIInterfaceOrientationLandscapeRight";
				LD_RUNPATH_SEARCH_PATHS = (
					"$(inherited)",
					"@executable_path/Frameworks",
				);
				MARKETING_VERSION = 1.0;
				PRODUCT_BUNDLE_IDENTIFIER = com.TAATHub.ButtonStyle;
				PRODUCT_NAME = "$(TARGET_NAME)";
				SWIFT_EMIT_LOC_STRINGS = YES;
				SWIFT_VERSION = 5.0;
				TARGETED_DEVICE_FAMILY = "1,2";
			};
			name = Debug;
		};
		1DD57BFD297040170093FC7F /* Release */ = {
			isa = XCBuildConfiguration;
			buildSettings = {
				ASSETCATALOG_COMPILER_APPICON_NAME = AppIcon;
				ASSETCATALOG_COMPILER_GLOBAL_ACCENT_COLOR_NAME = AccentColor;
				CODE_SIGN_STYLE = Automatic;
				CURRENT_PROJECT_VERSION = 1;
				DEVELOPMENT_ASSET_PATHS = "\"ButtonStyle/Preview Content\"";
				ENABLE_PREVIEWS = YES;
				GENERATE_INFOPLIST_FILE = YES;
				INFOPLIST_KEY_UIApplicationSceneManifest_Generation = YES;
				INFOPLIST_KEY_UIApplicationSupportsIndirectInputEvents = YES;
				INFOPLIST_KEY_UILaunchScreen_Generation = YES;
				INFOPLIST_KEY_UISupportedInterfaceOrientations_iPad = "UIInterfaceOrientationPortrait UIInterfaceOrientationPortraitUpsideDown UIInterfaceOrientationLandscapeLeft UIInterfaceOrientationLandscapeRight";
				INFOPLIST_KEY_UISupportedInterfaceOrientations_iPhone = "UIInterfaceOrientationPortrait UIInterfaceOrientationLandscapeLeft UIInterfaceOrientationLandscapeRight";
				LD_RUNPATH_SEARCH_PATHS = (
					"$(inherited)",
					"@executable_path/Frameworks",
				);
				MARKETING_VERSION = 1.0;
				PRODUCT_BUNDLE_IDENTIFIER = com.TAATHub.ButtonStyle;
				PRODUCT_NAME = "$(TARGET_NAME)";
				SWIFT_EMIT_LOC_STRINGS = YES;
				SWIFT_VERSION = 5.0;
				TARGETED_DEVICE_FAMILY = "1,2";
			};
			name = Release;
		};
		1DD57BFF297040170093FC7F /* Debug */ = {
			isa = XCBuildConfiguration;
			buildSettings = {
				ALWAYS_EMBED_SWIFT_STANDARD_LIBRARIES = YES;
				BUNDLE_LOADER = "$(TEST_HOST)";
				CODE_SIGN_STYLE = Automatic;
				CURRENT_PROJECT_VERSION = 1;
				GENERATE_INFOPLIST_FILE = YES;
				IPHONEOS_DEPLOYMENT_TARGET = 16.2;
				MARKETING_VERSION = 1.0;
				PRODUCT_BUNDLE_IDENTIFIER = com.TAATHub.ButtonStyleTests;
				PRODUCT_NAME = "$(TARGET_NAME)";
				SWIFT_EMIT_LOC_STRINGS = NO;
				SWIFT_VERSION = 5.0;
				TARGETED_DEVICE_FAMILY = "1,2";
				TEST_HOST = "$(BUILT_PRODUCTS_DIR)/ButtonStyle.app/$(BUNDLE_EXECUTABLE_FOLDER_PATH)/ButtonStyle";
			};
			name = Debug;
		};
		1DD57C00297040170093FC7F /* Release */ = {
			isa = XCBuildConfiguration;
			buildSettings = {
				ALWAYS_EMBED_SWIFT_STANDARD_LIBRARIES = YES;
				BUNDLE_LOADER = "$(TEST_HOST)";
				CODE_SIGN_STYLE = Automatic;
				CURRENT_PROJECT_VERSION = 1;
				GENERATE_INFOPLIST_FILE = YES;
				IPHONEOS_DEPLOYMENT_TARGET = 16.2;
				MARKETING_VERSION = 1.0;
				PRODUCT_BUNDLE_IDENTIFIER = com.TAATHub.ButtonStyleTests;
				PRODUCT_NAME = "$(TARGET_NAME)";
				SWIFT_EMIT_LOC_STRINGS = NO;
				SWIFT_VERSION = 5.0;
				TARGETED_DEVICE_FAMILY = "1,2";
				TEST_HOST = "$(BUILT_PRODUCTS_DIR)/ButtonStyle.app/$(BUNDLE_EXECUTABLE_FOLDER_PATH)/ButtonStyle";
			};
			name = Release;
		};
		1DD57C02297040170093FC7F /* Debug */ = {
			isa = XCBuildConfiguration;
			buildSettings = {
				ALWAYS_EMBED_SWIFT_STANDARD_LIBRARIES = YES;
				CODE_SIGN_STYLE = Automatic;
				CURRENT_PROJECT_VERSION = 1;
				GENERATE_INFOPLIST_FILE = YES;
				MARKETING_VERSION = 1.0;
				PRODUCT_BUNDLE_IDENTIFIER = com.TAATHub.ButtonStyleUITests;
				PRODUCT_NAME = "$(TARGET_NAME)";
				SWIFT_EMIT_LOC_STRINGS = NO;
				SWIFT_VERSION = 5.0;
				TARGETED_DEVICE_FAMILY = "1,2";
				TEST_TARGET_NAME = ButtonStyle;
			};
			name = Debug;
		};
		1DD57C03297040170093FC7F /* Release */ = {
			isa = XCBuildConfiguration;
			buildSettings = {
				ALWAYS_EMBED_SWIFT_STANDARD_LIBRARIES = YES;
				CODE_SIGN_STYLE = Automatic;
				CURRENT_PROJECT_VERSION = 1;
				GENERATE_INFOPLIST_FILE = YES;
				MARKETING_VERSION = 1.0;
				PRODUCT_BUNDLE_IDENTIFIER = com.TAATHub.ButtonStyleUITests;
				PRODUCT_NAME = "$(TARGET_NAME)";
				SWIFT_EMIT_LOC_STRINGS = NO;
				SWIFT_VERSION = 5.0;
				TARGETED_DEVICE_FAMILY = "1,2";
				TEST_TARGET_NAME = ButtonStyle;
			};
			name = Release;
		};
/* End XCBuildConfiguration section */

/* Begin XCConfigurationList section */
		1DD57BD2297040130093FC7F /* Build configuration list for PBXProject "ButtonStyle" */ = {
			isa = XCConfigurationList;
			buildConfigurations = (
				1DD57BF9297040170093FC7F /* Debug */,
				1DD57BFA297040170093FC7F /* Release */,
			);
			defaultConfigurationIsVisible = 0;
			defaultConfigurationName = Release;
		};
		1DD57BFB297040170093FC7F /* Build configuration list for PBXNativeTarget "ButtonStyle" */ = {
			isa = XCConfigurationList;
			buildConfigurations = (
				1DD57BFC297040170093FC7F /* Debug */,
				1DD57BFD297040170093FC7F /* Release */,
			);
			defaultConfigurationIsVisible = 0;
			defaultConfigurationName = Release;
		};
		1DD57BFE297040170093FC7F /* Build configuration list for PBXNativeTarget "ButtonStyleTests" */ = {
			isa = XCConfigurationList;
			buildConfigurations = (
				1DD57BFF297040170093FC7F /* Debug */,
				1DD57C00297040170093FC7F /* Release */,
			);
			defaultConfigurationIsVisible = 0;
			defaultConfigurationName = Release;
		};
		1DD57C01297040170093FC7F /* Build configuration list for PBXNativeTarget "ButtonStyleUITests" */ = {
			isa = XCConfigurationList;
			buildConfigurations = (
				1DD57C02297040170093FC7F /* Debug */,
				1DD57C03297040170093FC7F /* Release */,
			);
			defaultConfigurationIsVisible = 0;
			defaultConfigurationName = Release;
		};
/* End XCConfigurationList section */
	};
	rootObject = 1DD57BCF297040130093FC7F /* Project object */;
}
